
Microsoft Visual Studio Solution File, Format Version 12.00
# Visual Studio Version 17
VisualStudioVersion = 17.2.32616.157
MinimumVisualStudioVersion = 10.0.40219.1
Project("{9A19103F-16F7-4668-BE54-9A1E7A4F7556}") = "Redkit.Api", "Redkit.Api\Redkit.Api.csproj", "{F77A10F8-4F77-412A-8A08-828834836EA6}"
EndProject
Global
	GlobalSection(SolutionConfigurationPlatforms) = preSolution
		Debug|Any CPU = Debug|Any CPU
		Release|Any CPU = Release|Any CPU
	EndGlobalSection
	GlobalSection(ProjectConfigurationPlatforms) = postSolution
		{F77A10F8-4F77-412A-8A08-828834836EA6}.Debug|Any CPU.ActiveCfg = Debug|Any CPU
		{F77A10F8-4F77-412A-8A08-828834836EA6}.Debug|Any CPU.Build.0 = Debug|Any CPU
		{F77A10F8-4F77-412A-8A08-828834836EA6}.Release|Any CPU.ActiveCfg = Release|Any CPU
		{F77A10F8-4F77-412A-8A08-828834836EA6}.Release|Any CPU.Build.0 = Release|Any CPU
	EndGlobalSection
	GlobalSection(SolutionProperties) = preSolution
		HideSolutionNode = FALSE
	EndGlobalSection
	GlobalSection(ExtensibilityGlobals) = postSolution
		SolutionGuid = {CAB26BE2-27CE-460E-8672-543E9350BBF8}
	EndGlobalSection
EndGlobal
